
Microsoft Visual Studio Solution File, Format Version 12.00
# Visual Studio Version 16
VisualStudioVersion = 16.0.31729.503
MinimumVisualStudioVersion = 10.0.40219.1
Project("{FAE04EC0-301F-11D3-BF4B-00C04F79EFBC}") = "ByteWarden", "ByteWarden\ByteWarden.csproj", "{670D064C-BE8D-4BEF-826C-B37905970ABE}"
EndProject
Global
	GlobalSection(SolutionConfigurationPlatforms) = preSolution
		Debug|Any CPU = Debug|Any CPU
		Release|Any CPU = Release|Any CPU
	EndGlobalSection
	GlobalSection(ProjectConfigurationPlatforms) = postSolution
		{670D064C-BE8D-4BEF-826C-B37905970ABE}.Debug|Any CPU.ActiveCfg = Debug|Any CPU
		{670D064C-BE8D-4BEF-826C-B37905970ABE}.Debug|Any CPU.Build.0 = Debug|Any CPU
		{670D064C-BE8D-4BEF-826C-B37905970ABE}.Release|Any CPU.ActiveCfg = Release|Any CPU
		{670D064C-BE8D-4BEF-826C-B37905970ABE}.Release|Any CPU.Build.0 = Release|Any CPU
	EndGlobalSection
	GlobalSection(SolutionProperties) = preSolution
		HideSolutionNode = FALSE
	EndGlobalSection
	GlobalSection(ExtensibilityGlobals) = postSolution
		SolutionGuid = {7F9399E9-D4C8-401E-995B-83B0719499DA}
	EndGlobalSection
EndGlobal
